{
  "lockfile_version": "1",
  "packages": {
    "ansible@2.18.4": {
      "last_modified": "2025-05-16T20:19:48Z",
      "resolved": "github:NixOS/nixpkgs/12a55407652e04dcf2309436eb06fef0d3713ef3#ansible",
      "source": "devbox-search",
      "version": "2.18.4",
      "systems": {
        "aarch64-darwin": {
          "outputs": [
            {
              "name": "out",
              "path": "/nix/store/riksny7pk3sqfnac4p14gpjb43fqnfll-python3.12-ansible-core-2.18.4",
              "default": true
            },
            {
              "name": "dist",
              "path": "/nix/store/9zcfkkzlv98wd3mcdyp6pk6a3a9xkgd0-python3.12-ansible-core-2.18.4-dist"
            }
          ],
          "store_path": "/nix/store/riksny7pk3sqfnac4p14gpjb43fqnfll-python3.12-ansible-core-2.18.4"
        },
        "aarch64-linux": {
          "outputs": [
            {
              "name": "out",
              "path": "/nix/store/s31swnk9g6z62ajsqzakijikw8g4ny0c-python3.12-ansible-core-2.18.4",
              "default": true
            },
            {
              "name": "dist",
              "path": "/nix/store/jgxwbyggv7cfdbn06sl0zwfn9qg95a81-python3.12-ansible-core-2.18.4-dist"
            }
          ],
          "store_path": "/nix/store/s31swnk9g6z62ajsqzakijikw8g4ny0c-python3.12-ansible-core-2.18.4"
        },
        "x86_64-darwin": {
          "outputs": [
            {
              "name": "out",
              "path": "/nix/store/6618604vf7xm1iqjbnnyc5xw55dizk8z-python3.12-ansible-core-2.18.4",
              "default": true
            },
            {
              "name": "dist",
              "path": "/nix/store/d9jc6pi8hrrhy74kc31sp9lfvnm30gyj-python3.12-ansible-core-2.18.4-dist"
            }
          ],
          "store_path": "/nix/store/6618604vf7xm1iqjbnnyc5xw55dizk8z-python3.12-ansible-core-2.18.4"
        },
        "x86_64-linux": {
          "outputs": [
            {
              "name": "out",
              "path": "/nix/store/6iarg9iy181wk1yfaxkh18hl8d0yzjag-python3.12-ansible-core-2.18.4",
              "default": true
            },
            {
              "name": "dist",
              "path": "/nix/store/yv9nrmk86f0nf0svkvpxv3iz94bljc8i-python3.12-ansible-core-2.18.4-dist"
            }
          ],
          "store_path": "/nix/store/6iarg9iy181wk1yfaxkh18hl8d0yzjag-python3.12-ansible-core-2.18.4"
        }
      }
    },
    "awscli2@2.19.0": {
      "last_modified": "2024-12-03T12:40:06Z",
      "resolved": "github:NixOS/nixpkgs/566e53c2ad750c84f6d31f9ccb9d00f823165550#awscli2",
      "source": "devbox-search",
      "version": "2.19.0",
      "systems": {
        "aarch64-darwin": {
          "outputs": [
            {
              "name": "out",
              "path": "/nix/store/ywgz36mwv7q52m3lnsj8d1h7x70nyylc-awscli2-2.19.0",
              "default": true
            },
            {
              "name": "dist",
              "path": "/nix/store/254shki4ihfaqw0h1v5xj9vqcc0y5vkz-awscli2-2.19.0-dist"
            }
          ],
          "store_path": "/nix/store/ywgz36mwv7q52m3lnsj8d1h7x70nyylc-awscli2-2.19.0"
        },
        "aarch64-linux": {
          "outputs": [
            {
              "name": "out",
              "path": "/nix/store/irx8wcn8hqar9nnq1h9b92cssl7plj1g-awscli2-2.19.0",
              "default": true
            },
            {
              "name": "dist",
              "path": "/nix/store/yqnb36a2b6bmlpsbxx28sb5857r6j9dz-awscli2-2.19.0-dist"
            }
          ],
          "store_path": "/nix/store/irx8wcn8hqar9nnq1h9b92cssl7plj1g-awscli2-2.19.0"
        },
        "x86_64-darwin": {
          "outputs": [
            {
              "name": "out",
              "path": "/nix/store/6jgmxb4gc0zbhhdd2h566vz4v08gz19g-awscli2-2.19.0",
              "default": true
            },
            {
              "name": "dist",
              "path": "/nix/store/3zxc4fc3jqbd2m19p37ydpnj8w3s3mpm-awscli2-2.19.0-dist"
            }
          ],
          "store_path": "/nix/store/6jgmxb4gc0zbhhdd2h566vz4v08gz19g-awscli2-2.19.0"
        },
        "x86_64-linux": {
          "outputs": [
            {
              "name": "out",
              "path": "/nix/store/g2w36iqqxj51nlfpid40dq102ag6kq8y-awscli2-2.19.0",
              "default": true
            },
            {
              "name": "dist",
              "path": "/nix/store/r5rkanfiin4i6cicbhl5jfswydq9kqgw-awscli2-2.19.0-dist"
            }
          ],
          "store_path": "/nix/store/g2w36iqqxj51nlfpid40dq102ag6kq8y-awscli2-2.19.0"
        }
      }
    },
    "git@2.47.1": {
      "last_modified": "2025-01-19T08:16:51Z",
      "resolved": "github:NixOS/nixpkgs/50165c4f7eb48ce82bd063e1fb8047a0f515f8ce#git",
      "source": "devbox-search",
      "version": "2.47.1",
      "systems": {
        "aarch64-darwin": {
          "outputs": [
            {
              "name": "out",
              "path": "/nix/store/6jr29hgw3sa439df6bd4mh2c6rmpf68j-git-2.47.1",
              "default": true
            },
            {
              "name": "doc",
              "path": "/nix/store/j3w81894k2014nsl8c9k4fkb5zrjdjjn-git-2.47.1-doc"
            }
          ],
          "store_path": "/nix/store/6jr29hgw3sa439df6bd4mh2c6rmpf68j-git-2.47.1"
        },
        "aarch64-linux": {
          "outputs": [
            {
              "name": "out",
              "path": "/nix/store/l05864n3qnk0gp3cy8mijkk78p84xvdj-git-2.47.1",
              "default": true
            },
            {
              "name": "debug",
              "path": "/nix/store/s5gjjyjdmcw49z8ynqgc4r8r8fxxa71i-git-2.47.1-debug"
            },
            {
              "name": "doc",
              "path": "/nix/store/cxjbaw9xrzxx9m9dz9syydnjagwxvy5h-git-2.47.1-doc"
            }
          ],
          "store_path": "/nix/store/l05864n3qnk0gp3cy8mijkk78p84xvdj-git-2.47.1"
        },
        "x86_64-darwin": {
          "outputs": [
            {
              "name": "out",
              "path": "/nix/store/y9ilj7w794c9il2s04xx5ikg9kf7zmm4-git-2.47.1",
              "default": true
            },
            {
              "name": "doc",
              "path": "/nix/store/0pr5g6bf0vcmmcrb1hdi4s4m5dqzczpc-git-2.47.1-doc"
            }
          ],
          "store_path": "/nix/store/y9ilj7w794c9il2s04xx5ikg9kf7zmm4-git-2.47.1"
        },
        "x86_64-linux": {
          "outputs": [
            {
              "name": "out",
              "path": "/nix/store/7mln3k7mmvsnpgp47zr63w9d60pqba9n-git-2.47.1",
              "default": true
            },
            {
              "name": "doc",
              "path": "/nix/store/4i5f6hdjmjn70m4qfvg8ymg9abhszlrp-git-2.47.1-doc"
            },
            {
              "name": "debug",
              "path": "/nix/store/0yk2g1fyf6wnari6qjy0x5ljkg5lirci-git-2.47.1-debug"
            }
          ],
          "store_path": "/nix/store/7mln3k7mmvsnpgp47zr63w9d60pqba9n-git-2.47.1"
        }
      }
    },
    "github:NixOS/nixpkgs/nixpkgs-unstable": {
      "last_modified": "2025-06-18T03:01:18Z",
      "resolved": "github:NixOS/nixpkgs/5395fb3ab3f97b9b7abca147249fa2e8ed27b192?lastModified=1750215678&narHash=sha256-Rc%2FytpamXRf6z8UA2SGa4aaWxUXRbX2MAWIu2C8M%2Bok%3D"
    },
    "jq@1.7.1": {
      "last_modified": "2025-06-18T03:01:18Z",
      "resolved": "github:NixOS/nixpkgs/5395fb3ab3f97b9b7abca147249fa2e8ed27b192#jq",
      "source": "devbox-search",
      "version": "1.7.1",
      "systems": {
        "aarch64-darwin": {
          "outputs": [
            {
              "name": "bin",
              "path": "/nix/store/5v1yqacl2lhgbrzgvbmnxbxah9pdyp2s-jq-1.7.1-bin",
              "default": true
            },
            {
              "name": "man",
              "path": "/nix/store/6zfpzcwd7m5pkf1bd3sdasjv0rxsxvjg-jq-1.7.1-man",
              "default": true
            },
            {
              "name": "dev",
              "path": "/nix/store/12zb2s8cmrbgi53sn09i8vkqr6i462h4-jq-1.7.1-dev"
            },
            {
              "name": "doc",
              "path": "/nix/store/awa9kq3h05l0bpc3gn1gzq4r9rspphsb-jq-1.7.1-doc"
            },
            {
              "name": "out",
              "path": "/nix/store/2vawjsrd9bmavbm7rvsjbnjaf4hbd1bs-jq-1.7.1"
            }
          ],
          "store_path": "/nix/store/5v1yqacl2lhgbrzgvbmnxbxah9pdyp2s-jq-1.7.1-bin"
        },
        "aarch64-linux": {
          "outputs": [
            {
              "name": "bin",
              "path": "/nix/store/j6q3c3rzxhv3rz9y821qylgafi3jbsl8-jq-1.7.1-bin",
              "default": true
            },
            {
              "name": "man",
              "path": "/nix/store/2n2vs2cb0slcj5a4i0l7pyv4fip8s6m9-jq-1.7.1-man",
              "default": true
            },
            {
              "name": "dev",
              "path": "/nix/store/w7n2qywnma4af1m9xqz8y67rq0jn6an2-jq-1.7.1-dev"
            },
            {
              "name": "doc",
              "path": "/nix/store/c52b1v91c7pwxb58z79v2aa1x8bx8dpx-jq-1.7.1-doc"
            },
            {
              "name": "out",
              "path": "/nix/store/i06c1lzmf07gg33mjmfp0564inxplfq5-jq-1.7.1"
            }
          ],
          "store_path": "/nix/store/j6q3c3rzxhv3rz9y821qylgafi3jbsl8-jq-1.7.1-bin"
        },
        "x86_64-darwin": {
          "outputs": [
            {
              "name": "bin",
              "path": "/nix/store/if69q6bw49y67lv9f4bf78cgpf7xrnrb-jq-1.7.1-bin",
              "default": true
            },
            {
              "name": "man",
              "path": "/nix/store/0rsic796c75zmdaa3qw74676dgcibwan-jq-1.7.1-man",
              "default": true
            },
            {
              "name": "dev",
              "path": "/nix/store/38vgg0iqwmhh8shn12ys3wqxv24gkq5n-jq-1.7.1-dev"
            },
            {
              "name": "doc",
              "path": "/nix/store/dvap16zqbcxmil71f6ivbpzx49z7brzx-jq-1.7.1-doc"
            },
            {
              "name": "out",
              "path": "/nix/store/0gw2kw6zkvzg7zlqy4rrgdxjk13yg0z4-jq-1.7.1"
            }
          ],
          "store_path": "/nix/store/if69q6bw49y67lv9f4bf78cgpf7xrnrb-jq-1.7.1-bin"
        },
        "x86_64-linux": {
          "outputs": [
            {
              "name": "bin",
              "path": "/nix/store/n9ch6ggimi6ri5vx62mqmzgrrkb3qfwg-jq-1.7.1-bin",
              "default": true
            },
            {
              "name": "man",
              "path": "/nix/store/2dmx0pgvxjmqywg25rva6cgkz94icnw7-jq-1.7.1-man",
              "default": true
            },
            {
              "name": "dev",
              "path": "/nix/store/yika3khvh871bvk5sgpcxfdbqznyi3w0-jq-1.7.1-dev"
            },
            {
              "name": "doc",
              "path": "/nix/store/97zv95jlfnw4v3k0lyxmkmkqqjhx7np9-jq-1.7.1-doc"
            },
            {
              "name": "out",
              "path": "/nix/store/sdqzcyfy52y0vf10nfsxy3mhv9b2vmkv-jq-1.7.1"
            }
          ],
          "store_path": "/nix/store/n9ch6ggimi6ri5vx62mqmzgrrkb3qfwg-jq-1.7.1-bin"
        }
      }
    },
    "packer@1.12.0": {
      "last_modified": "2025-05-16T20:19:48Z",
      "resolved": "github:NixOS/nixpkgs/12a55407652e04dcf2309436eb06fef0d3713ef3#packer",
      "source": "devbox-search",
      "version": "1.12.0",
      "systems": {
        "aarch64-darwin": {
          "outputs": [
            {
              "name": "out",
              "path": "/nix/store/bxdp5sjyg182nlil77dvx4nvd6ky27zs-packer-1.12.0",
              "default": true
            }
          ],
          "store_path": "/nix/store/bxdp5sjyg182nlil77dvx4nvd6ky27zs-packer-1.12.0"
        },
        "aarch64-linux": {
          "outputs": [
            {
              "name": "out",
              "path": "/nix/store/6q4ifkml98w4h61dqb725ggrac1wwmj3-packer-1.12.0",
              "default": true
            }
          ],
          "store_path": "/nix/store/6q4ifkml98w4h61dqb725ggrac1wwmj3-packer-1.12.0"
        },
        "x86_64-darwin": {
          "outputs": [
            {
              "name": "out",
              "path": "/nix/store/gvzq137jnwd3j6xqnbpr2s8clw0zj6k3-packer-1.12.0",
              "default": true
            }
          ],
          "store_path": "/nix/store/gvzq137jnwd3j6xqnbpr2s8clw0zj6k3-packer-1.12.0"
        },
        "x86_64-linux": {
          "outputs": [
            {
              "name": "out",
              "path": "/nix/store/96npfv48pw16ls9qgif3zsak6gdkazv8-packer-1.12.0",
              "default": true
            }
          ],
          "store_path": "/nix/store/96npfv48pw16ls9qgif3zsak6gdkazv8-packer-1.12.0"
        }
      }
    },
    "pre-commit@4.0.1": {
      "last_modified": "2025-05-28T04:23:31Z",
      "resolved": "github:NixOS/nixpkgs/3d1f29646e4b57ed468d60f9d286cde23a8d1707#pre-commit",
      "source": "devbox-search",
      "version": "4.0.1",
      "systems": {
        "aarch64-darwin": {
          "outputs": [
            {
              "name": "out",
              "path": "/nix/store/drkixdcr3rfizf0addf1wqk8ibdlfpcv-pre-commit-4.0.1",
              "default": true
            },
            {
              "name": "dist",
              "path": "/nix/store/vzndqfsv7n7hk8mqg4izha0v6ibpbj36-pre-commit-4.0.1-dist"
            }
          ],
          "store_path": "/nix/store/drkixdcr3rfizf0addf1wqk8ibdlfpcv-pre-commit-4.0.1"
        },
        "aarch64-linux": {
          "outputs": [
            {
              "name": "out",
              "path": "/nix/store/g4c3ikai8nf8y5lad76h8rrfh8pb7swh-pre-commit-4.0.1",
              "default": true
            },
            {
              "name": "dist",
              "path": "/nix/store/bm8mbzrv1xgmfkn0zvz2gpd3xmnwy0q1-pre-commit-4.0.1-dist"
            }
          ],
          "store_path": "/nix/store/g4c3ikai8nf8y5lad76h8rrfh8pb7swh-pre-commit-4.0.1"
        },
        "x86_64-darwin": {
          "outputs": [
            {
              "name": "out",
              "path": "/nix/store/dr3ilsics80kklfpnag4f1bqp8gk25gr-pre-commit-4.0.1",
              "default": true
            },
            {
              "name": "dist",
              "path": "/nix/store/1f8a71sf8v7bvx7igcfjxcp1x3b1q4qq-pre-commit-4.0.1-dist"
            }
          ],
          "store_path": "/nix/store/dr3ilsics80kklfpnag4f1bqp8gk25gr-pre-commit-4.0.1"
        },
        "x86_64-linux": {
          "outputs": [
            {
              "name": "out",
              "path": "/nix/store/1grwmkj3qf897wgxycyymip87i9cvk29-pre-commit-4.0.1",
              "default": true
            },
            {
              "name": "dist",
              "path": "/nix/store/r3sk0c7i1z1mpjlh02mnx36k42nsb4rc-pre-commit-4.0.1-dist"
            }
          ],
          "store_path": "/nix/store/1grwmkj3qf897wgxycyymip87i9cvk29-pre-commit-4.0.1"
        }
      }
    },
    "terraform@1.10.5": {
      "last_modified": "2025-02-23T09:42:26Z",
      "resolved": "github:NixOS/nixpkgs/2d068ae5c6516b2d04562de50a58c682540de9bf#terraform",
      "source": "devbox-search",
      "version": "1.10.5",
      "systems": {
        "aarch64-darwin": {
          "outputs": [
            {
              "name": "out",
              "path": "/nix/store/9lqs1hlywa6gdhd46ys57s1bdd14sngr-terraform-1.10.5",
              "default": true
            }
          ],
          "store_path": "/nix/store/9lqs1hlywa6gdhd46ys57s1bdd14sngr-terraform-1.10.5"
        },
        "aarch64-linux": {
          "outputs": [
            {
              "name": "out",
              "path": "/nix/store/mwvgidbbffghhnq1g15gryjb9572pxx3-terraform-1.10.5",
              "default": true
            }
          ],
          "store_path": "/nix/store/mwvgidbbffghhnq1g15gryjb9572pxx3-terraform-1.10.5"
        },
        "x86_64-darwin": {
          "outputs": [
            {
              "name": "out",
              "path": "/nix/store/1m5d1gzgjh4aflkn5xmvl1kkjmwzmf3p-terraform-1.10.5",
              "default": true
            }
          ],
          "store_path": "/nix/store/1m5d1gzgjh4aflkn5xmvl1kkjmwzmf3p-terraform-1.10.5"
        },
        "x86_64-linux": {
          "outputs": [
            {
              "name": "out",
              "path": "/nix/store/qja7qaq1x5cyfm1h25wmfk3y4a9d7l22-terraform-1.10.5",
              "default": true
            }
          ],
          "store_path": "/nix/store/qja7qaq1x5cyfm1h25wmfk3y4a9d7l22-terraform-1.10.5"
        }
      }
    },
    "trivy@0.61.0": {
      "last_modified": "2025-04-17T05:47:26Z",
      "resolved": "github:NixOS/nixpkgs/ebe4301cbd8f81c4f8d3244b3632338bbeb6d49c#trivy",
      "source": "devbox-search",
      "version": "0.61.0",
      "systems": {
        "aarch64-darwin": {
          "outputs": [
            {
              "name": "out",
              "path": "/nix/store/jrdffvizlswgq9fgq31dksm9wl51q0b7-trivy-0.61.0",
              "default": true
            }
          ],
          "store_path": "/nix/store/jrdffvizlswgq9fgq31dksm9wl51q0b7-trivy-0.61.0"
        },
        "aarch64-linux": {
          "outputs": [
            {
              "name": "out",
              "path": "/nix/store/kqirag39m8xmbz86b6dngxljm1k2xklf-trivy-0.61.0",
              "default": true
            }
          ],
          "store_path": "/nix/store/kqirag39m8xmbz86b6dngxljm1k2xklf-trivy-0.61.0"
        },
        "x86_64-darwin": {
          "outputs": [
            {
              "name": "out",
              "path": "/nix/store/zdmm75ac3brd6j6m2spp0slfm73blm17-trivy-0.61.0",
              "default": true
            }
          ],
          "store_path": "/nix/store/zdmm75ac3brd6j6m2spp0slfm73blm17-trivy-0.61.0"
        },
        "x86_64-linux": {
          "outputs": [
            {
              "name": "out",
              "path": "/nix/store/szprdfv6ljl8gxlw07mrc2cg5z5pvg9s-trivy-0.61.0",
              "default": true
            }
          ],
          "store_path": "/nix/store/szprdfv6ljl8gxlw07mrc2cg5z5pvg9s-trivy-0.61.0"
        }
      }
    }
  }
}
