{
  "lockfile_version": "1",
  "packages": {
    "awscli2@2.19.0": {
      "last_modified": "2024-12-03T12:40:06Z",
      "resolved": "github:NixOS/nixpkgs/566e53c2ad750c84f6d31f9ccb9d00f823165550#awscli2",
      "source": "devbox-search",
      "version": "2.19.0",
      "systems": {
        "aarch64-darwin": {
          "outputs": [
            {
              "name": "out",
              "path": "/nix/store/ywgz36mwv7q52m3lnsj8d1h7x70nyylc-awscli2-2.19.0",
              "default": true
            },
            {
              "name": "dist",
              "path": "/nix/store/254shki4ihfaqw0h1v5xj9vqcc0y5vkz-awscli2-2.19.0-dist"
            }
          ],
          "store_path": "/nix/store/ywgz36mwv7q52m3lnsj8d1h7x70nyylc-awscli2-2.19.0"
        },
        "aarch64-linux": {
          "outputs": [
            {
              "name": "out",
              "path": "/nix/store/irx8wcn8hqar9nnq1h9b92cssl7plj1g-awscli2-2.19.0",
              "default": true
            },
            {
              "name": "dist",
              "path": "/nix/store/yqnb36a2b6bmlpsbxx28sb5857r6j9dz-awscli2-2.19.0-dist"
            }
          ],
          "store_path": "/nix/store/irx8wcn8hqar9nnq1h9b92cssl7plj1g-awscli2-2.19.0"
        },
        "x86_64-darwin": {
          "outputs": [
            {
              "name": "out",
              "path": "/nix/store/6jgmxb4gc0zbhhdd2h566vz4v08gz19g-awscli2-2.19.0",
              "default": true
            },
            {
              "name": "dist",
              "path": "/nix/store/3zxc4fc3jqbd2m19p37ydpnj8w3s3mpm-awscli2-2.19.0-dist"
            }
          ],
          "store_path": "/nix/store/6jgmxb4gc0zbhhdd2h566vz4v08gz19g-awscli2-2.19.0"
        },
        "x86_64-linux": {
          "outputs": [
            {
              "name": "out",
              "path": "/nix/store/g2w36iqqxj51nlfpid40dq102ag6kq8y-awscli2-2.19.0",
              "default": true
            },
            {
              "name": "dist",
              "path": "/nix/store/r5rkanfiin4i6cicbhl5jfswydq9kqgw-awscli2-2.19.0-dist"
            }
          ],
          "store_path": "/nix/store/g2w36iqqxj51nlfpid40dq102ag6kq8y-awscli2-2.19.0"
        }
      }
    },
    "git@2.47.1": {
      "last_modified": "2025-01-25T23:17:58Z",
      "resolved": "github:NixOS/nixpkgs/b582bb5b0d7af253b05d58314b85ab8ec46b8d19#git",
      "source": "devbox-search",
      "version": "2.47.1",
      "systems": {
        "aarch64-darwin": {
          "outputs": [
            {
              "name": "out",
              "path": "/nix/store/6jr29hgw3sa439df6bd4mh2c6rmpf68j-git-2.47.1",
              "default": true
            },
            {
              "name": "doc",
              "path": "/nix/store/j3w81894k2014nsl8c9k4fkb5zrjdjjn-git-2.47.1-doc"
            }
          ],
          "store_path": "/nix/store/6jr29hgw3sa439df6bd4mh2c6rmpf68j-git-2.47.1"
        },
        "aarch64-linux": {
          "outputs": [
            {
              "name": "out",
              "path": "/nix/store/l05864n3qnk0gp3cy8mijkk78p84xvdj-git-2.47.1",
              "default": true
            },
            {
              "name": "doc",
              "path": "/nix/store/cxjbaw9xrzxx9m9dz9syydnjagwxvy5h-git-2.47.1-doc"
            },
            {
              "name": "debug",
              "path": "/nix/store/s5gjjyjdmcw49z8ynqgc4r8r8fxxa71i-git-2.47.1-debug"
            }
          ],
          "store_path": "/nix/store/l05864n3qnk0gp3cy8mijkk78p84xvdj-git-2.47.1"
        },
        "x86_64-darwin": {
          "outputs": [
            {
              "name": "out",
              "path": "/nix/store/y9ilj7w794c9il2s04xx5ikg9kf7zmm4-git-2.47.1",
              "default": true
            },
            {
              "name": "doc",
              "path": "/nix/store/0pr5g6bf0vcmmcrb1hdi4s4m5dqzczpc-git-2.47.1-doc"
            }
          ],
          "store_path": "/nix/store/y9ilj7w794c9il2s04xx5ikg9kf7zmm4-git-2.47.1"
        },
        "x86_64-linux": {
          "outputs": [
            {
              "name": "out",
              "path": "/nix/store/7mln3k7mmvsnpgp47zr63w9d60pqba9n-git-2.47.1",
              "default": true
            },
            {
              "name": "debug",
              "path": "/nix/store/0yk2g1fyf6wnari6qjy0x5ljkg5lirci-git-2.47.1-debug"
            },
            {
              "name": "doc",
              "path": "/nix/store/4i5f6hdjmjn70m4qfvg8ymg9abhszlrp-git-2.47.1-doc"
            }
          ],
          "store_path": "/nix/store/7mln3k7mmvsnpgp47zr63w9d60pqba9n-git-2.47.1"
        }
      }
    },
    "jq@1.7.1": {
      "last_modified": "2025-01-24T11:25:45Z",
      "resolved": "github:NixOS/nixpkgs/ecd26a469ac56357fd333946a99086e992452b6a#jq",
      "source": "devbox-search",
      "version": "1.7.1",
      "systems": {
        "aarch64-darwin": {
          "outputs": [
            {
              "name": "bin",
              "path": "/nix/store/ri8k487849v9b290iz384pi1lgw7n585-jq-1.7.1-bin",
              "default": true
            },
            {
              "name": "man",
              "path": "/nix/store/l9nf6sjs9hyvjfkmm9njw00mmvh88f6n-jq-1.7.1-man",
              "default": true
            },
            {
              "name": "out",
              "path": "/nix/store/sj86jzxi9p5pipih6fx7sw9pw6j54qbl-jq-1.7.1"
            },
            {
              "name": "dev",
              "path": "/nix/store/n7880d10c16s05bzg4xh4ak9j7fz9440-jq-1.7.1-dev"
            },
            {
              "name": "doc",
              "path": "/nix/store/axim640z0z67x48qr8nq79qph5j3vj05-jq-1.7.1-doc"
            }
          ],
          "store_path": "/nix/store/ri8k487849v9b290iz384pi1lgw7n585-jq-1.7.1-bin"
        },
        "aarch64-linux": {
          "outputs": [
            {
              "name": "bin",
              "path": "/nix/store/z5vhfsyh4yh7f018q036q260h363a56w-jq-1.7.1-bin",
              "default": true
            },
            {
              "name": "man",
              "path": "/nix/store/hvb2dfhc1k02abmai7n3bxi2w7i85k3q-jq-1.7.1-man",
              "default": true
            },
            {
              "name": "dev",
              "path": "/nix/store/6xqw0a045m2s6kg7bdx8f0y88x55iw18-jq-1.7.1-dev"
            },
            {
              "name": "doc",
              "path": "/nix/store/7120g78wnwvhsazmd65g3v6hkn7fijj6-jq-1.7.1-doc"
            },
            {
              "name": "out",
              "path": "/nix/store/qky6im9rkx32bkngy05lgf2j2mhc9sa1-jq-1.7.1"
            }
          ],
          "store_path": "/nix/store/z5vhfsyh4yh7f018q036q260h363a56w-jq-1.7.1-bin"
        },
        "x86_64-darwin": {
          "outputs": [
            {
              "name": "bin",
              "path": "/nix/store/1g73qfq41vldzhaxz82f9dbw3pvsgr5g-jq-1.7.1-bin",
              "default": true
            },
            {
              "name": "man",
              "path": "/nix/store/l9jl6mn6f7z8ki4wg4zqa28l3222wbdb-jq-1.7.1-man",
              "default": true
            },
            {
              "name": "doc",
              "path": "/nix/store/3d3vbk2iwg3c2kgbmmr6r6707xkszhy4-jq-1.7.1-doc"
            },
            {
              "name": "out",
              "path": "/nix/store/03q69wc4wg57w1i5bapd0671a8wimfhf-jq-1.7.1"
            },
            {
              "name": "dev",
              "path": "/nix/store/xfa0x8yf8nqka5fjvknmwnbgsixx0rqf-jq-1.7.1-dev"
            }
          ],
          "store_path": "/nix/store/1g73qfq41vldzhaxz82f9dbw3pvsgr5g-jq-1.7.1-bin"
        },
        "x86_64-linux": {
          "outputs": [
            {
              "name": "bin",
              "path": "/nix/store/69msxmwsxfbxx8mzigzrfppgz6qk1sx8-jq-1.7.1-bin",
              "default": true
            },
            {
              "name": "man",
              "path": "/nix/store/0j2mhyyc4rp63wlqip4n9j356nlcqznv-jq-1.7.1-man",
              "default": true
            },
            {
              "name": "out",
              "path": "/nix/store/rxy1z6zcwgrj59gn91r561s3dj0xgjqg-jq-1.7.1"
            },
            {
              "name": "dev",
              "path": "/nix/store/135pr45fck6iqk1mym8rlb9hz0vxn2cj-jq-1.7.1-dev"
            },
            {
              "name": "doc",
              "path": "/nix/store/bnzrjq3bpagqhd55mz09i8lx6l2qzwq4-jq-1.7.1-doc"
            }
          ],
          "store_path": "/nix/store/69msxmwsxfbxx8mzigzrfppgz6qk1sx8-jq-1.7.1-bin"
        }
      }
    },
    "pre-commit@4.0.1": {
      "last_modified": "2025-01-25T23:17:58Z",
      "resolved": "github:NixOS/nixpkgs/b582bb5b0d7af253b05d58314b85ab8ec46b8d19#pre-commit",
      "source": "devbox-search",
      "version": "4.0.1",
      "systems": {
        "aarch64-darwin": {
          "outputs": [
            {
              "name": "out",
              "path": "/nix/store/9lz1d1szzwzy6x242kk9px91pkdy7cd6-pre-commit-4.0.1",
              "default": true
            },
            {
              "name": "dist",
              "path": "/nix/store/hi34jjdsbbhq5xh1q0w47a23jpqf6iac-pre-commit-4.0.1-dist"
            }
          ],
          "store_path": "/nix/store/9lz1d1szzwzy6x242kk9px91pkdy7cd6-pre-commit-4.0.1"
        },
        "aarch64-linux": {
          "outputs": [
            {
              "name": "out",
              "path": "/nix/store/wnm7889axpdqqbl67n17kxw5sk31jjw5-pre-commit-4.0.1",
              "default": true
            },
            {
              "name": "dist",
              "path": "/nix/store/qr97swbwvy1b3xp49xpqrv57vprqjwdq-pre-commit-4.0.1-dist"
            }
          ],
          "store_path": "/nix/store/wnm7889axpdqqbl67n17kxw5sk31jjw5-pre-commit-4.0.1"
        },
        "x86_64-darwin": {
          "outputs": [
            {
              "name": "out",
              "path": "/nix/store/w7fwcza4vnyxlsw2ikqjinqsn02ks06j-pre-commit-4.0.1",
              "default": true
            },
            {
              "name": "dist",
              "path": "/nix/store/s7hxrwkn34q92g8pzw17v05ml3v10yys-pre-commit-4.0.1-dist"
            }
          ],
          "store_path": "/nix/store/w7fwcza4vnyxlsw2ikqjinqsn02ks06j-pre-commit-4.0.1"
        },
        "x86_64-linux": {
          "outputs": [
            {
              "name": "out",
              "path": "/nix/store/4x6p9yzvi0izpd3j4qj87z2d39lh0si6-pre-commit-4.0.1",
              "default": true
            },
            {
              "name": "dist",
              "path": "/nix/store/m78p9134p8njvmi881zkfrskb7i7a9z7-pre-commit-4.0.1-dist"
            }
          ],
          "store_path": "/nix/store/4x6p9yzvi0izpd3j4qj87z2d39lh0si6-pre-commit-4.0.1"
        }
      }
    },
    "terraform@1.10.4": {
      "last_modified": "2025-01-09T11:09:19Z",
      "resolved": "github:NixOS/nixpkgs/32af3611f6f05655ca166a0b1f47b57c762b5192#terraform",
      "source": "devbox-search",
      "version": "1.10.4",
      "systems": {
        "aarch64-darwin": {
          "outputs": [
            {
              "name": "out",
              "path": "/nix/store/hgqid5wskv1m47lisk67yasy203c94sf-terraform-1.10.4",
              "default": true
            }
          ],
          "store_path": "/nix/store/hgqid5wskv1m47lisk67yasy203c94sf-terraform-1.10.4"
        },
        "aarch64-linux": {
          "outputs": [
            {
              "name": "out",
              "path": "/nix/store/2h2alld5qqz6d9zjsq9g6w9k3sfwsdm1-terraform-1.10.4",
              "default": true
            }
          ],
          "store_path": "/nix/store/2h2alld5qqz6d9zjsq9g6w9k3sfwsdm1-terraform-1.10.4"
        },
        "x86_64-darwin": {
          "outputs": [
            {
              "name": "out",
              "path": "/nix/store/gj9pn77s2mn4ri5dak172yrl6q77fk6g-terraform-1.10.4",
              "default": true
            }
          ],
          "store_path": "/nix/store/gj9pn77s2mn4ri5dak172yrl6q77fk6g-terraform-1.10.4"
        },
        "x86_64-linux": {
          "outputs": [
            {
              "name": "out",
              "path": "/nix/store/8wc5zvj59rpr7gsvrwdfdi7nkrpsybn4-terraform-1.10.4",
              "default": true
            }
          ],
          "store_path": "/nix/store/8wc5zvj59rpr7gsvrwdfdi7nkrpsybn4-terraform-1.10.4"
        }
      }
    },
    "trivy@0.61.0": {
      "last_modified": "2025-03-29T14:41:00Z",
      "resolved": "github:NixOS/nixpkgs/eb0e0f21f15c559d2ac7633dc81d079d1caf5f5f#trivy",
      "source": "devbox-search",
      "version": "0.61.0",
      "systems": {
        "aarch64-darwin": {
          "outputs": [
            {
              "name": "out",
              "path": "/nix/store/rwz564pk5yrr0afignkbc39dfh7wnlzn-trivy-0.61.0",
              "default": true
            }
          ],
          "store_path": "/nix/store/rwz564pk5yrr0afignkbc39dfh7wnlzn-trivy-0.61.0"
        },
        "aarch64-linux": {
          "outputs": [
            {
              "name": "out",
              "path": "/nix/store/75i57mf7cf7xhc4x59lc28cri1p1jg72-trivy-0.61.0",
              "default": true
            }
          ],
          "store_path": "/nix/store/75i57mf7cf7xhc4x59lc28cri1p1jg72-trivy-0.61.0"
        },
        "x86_64-darwin": {
          "outputs": [
            {
              "name": "out",
              "path": "/nix/store/z94928ibavpn6vnj1zd6gri2kclqvfak-trivy-0.61.0",
              "default": true
            }
          ],
          "store_path": "/nix/store/z94928ibavpn6vnj1zd6gri2kclqvfak-trivy-0.61.0"
        },
        "x86_64-linux": {
          "outputs": [
            {
              "name": "out",
              "path": "/nix/store/disbh1bpwks8c7y8p08q3swn172gi9nw-trivy-0.61.0",
              "default": true
            }
          ],
          "store_path": "/nix/store/disbh1bpwks8c7y8p08q3swn172gi9nw-trivy-0.61.0"
        }
      }
    }
  }
}
